{
  "name": "climonitor",
  "version": "1.0.0",
  "lockfileVersion": 3,
  "requires": true,
  "packages": {
    "": {
      "name": "climonitor",
      "version": "1.0.0",
      "dependencies": {
        "os-utils": "^0.0.14"
      },
      "bin": {
        "startCli": "src/cli.js"
      },
      "devDependencies": {
        "@types/os-utils": "^0.0.4",
        "typescript": "^5.4.4"
      }
    },
    "node_modules/@types/os-utils": {
      "version": "0.0.4",
      "resolved": "https://registry.npmjs.org/@types/os-utils/-/os-utils-0.0.4.tgz",
      "integrity": "sha512-TdQ/6GHzq8YMsDOXHfit8sDD1VjLnqC61sI7ICocwREw/68V5C/bjex+/Jya3XRD3FgGyj6fhTqhbVrXeh8UJg==",
      "dev": true
    },
    "node_modules/os-utils": {
      "version": "0.0.14",
      "resolved": "https://registry.npmjs.org/os-utils/-/os-utils-0.0.14.tgz",
      "integrity": "sha512-ajB8csaHLBvJOYsHJkp8YdO2FvlBbf/ZxaYQwXXRDyQ84UoE+uTuLXxqd0shekXMX6Qr/pt/DDyLMRAMsgfWzg==",
      "engines": {
        "node": "*"
      }
    },
    "node_modules/typescript": {
      "version": "5.4.4",
      "resolved": "https://registry.npmjs.org/typescript/-/typescript-5.4.4.tgz",
      "integrity": "sha512-dGE2Vv8cpVvw28v8HCPqyb08EzbBURxDpuhJvTrusShUfGnhHBafDsLdS1EhhxyL6BJQE+2cT3dDPAv+MQ6oLw==",
      "dev": true,
      "bin": {
        "tsc": "bin/tsc",
        "tsserver": "bin/tsserver"
      },
      "engines": {
        "node": ">=14.17"
      }
    }
  }
}
